<Solution>
  <Folder Name="/tests/">
    <File Path="tests\LoggerTest.cs" />
  </Folder>
  <Folder Name="/tests/Graphics/">
    <File Path="tests\Graphics\HelloWorldTest.cs" />
    <Project Path="tests/Graphics/Crimson.Graphics.Tests.Common/Crimson.Graphics.Tests.Common.csproj" />
  </Folder>
  <Project Path="src/Crimson.Core/Crimson.Core.csproj" />
  <Project Path="src/Crimson.Graphics/Crimson.Graphics.csproj" />
</Solution>
